// !$*UTF8*$!
{
	archiveVersion = 1;
	classes = {
	};
	objectVersion = 46;
	objects = {

/* Begin PBXBuildFile section */
		041C22711D86E35D00A77FB7 /* Toilet.swift in Sources */ = {isa = PBXBuildFile; fileRef = 041C22701D86E35D00A77FB7 /* Toilet.swift */; };
		041C22731D895D5E00A77FB7 /* GPTableViewController.swift in Sources */ = {isa = PBXBuildFile; fileRef = 041C22721D895D5E00A77FB7 /* GPTableViewController.swift */; };
		041C22771D8F64C300A77FB7 /* WalkthroughContentViewController.swift in Sources */ = {isa = PBXBuildFile; fileRef = 041C22761D8F64C300A77FB7 /* WalkthroughContentViewController.swift */; };
		041C22791D8F64EE00A77FB7 /* WalkthroughPageViewController.swift in Sources */ = {isa = PBXBuildFile; fileRef = 041C22781D8F64EE00A77FB7 /* WalkthroughPageViewController.swift */; };
		0466EBD91D6194B400204BB2 /* HomePageController.swift in Sources */ = {isa = PBXBuildFile; fileRef = 0466EBD81D6194B400204BB2 /* HomePageController.swift */; };
		0466EBE11D61B35900204BB2 /* SwiftyJSON.framework in Frameworks */ = {isa = PBXBuildFile; fileRef = 0466EBE01D61B35900204BB2 /* SwiftyJSON.framework */; };
		048FC35F1D73D946003CEC28 /* DiaryDetailViewController.swift in Sources */ = {isa = PBXBuildFile; fileRef = 048FC35E1D73D946003CEC28 /* DiaryDetailViewController.swift */; };
		048FC3611D73D95D003CEC28 /* DiaryListController.swift in Sources */ = {isa = PBXBuildFile; fileRef = 048FC3601D73D95D003CEC28 /* DiaryListController.swift */; };
		048FC3631D73D972003CEC28 /* DiaryTableViewCell.swift in Sources */ = {isa = PBXBuildFile; fileRef = 048FC3621D73D972003CEC28 /* DiaryTableViewCell.swift */; };
		048FC3671D770F51003CEC28 /* AboutViewController.swift in Sources */ = {isa = PBXBuildFile; fileRef = 048FC3661D770F51003CEC28 /* AboutViewController.swift */; };
		048FC3691D7712F0003CEC28 /* ToiletViewController.swift in Sources */ = {isa = PBXBuildFile; fileRef = 048FC3681D7712F0003CEC28 /* ToiletViewController.swift */; };
		048FC3771D79B209003CEC28 /* TabBarViewController.swift in Sources */ = {isa = PBXBuildFile; fileRef = 048FC3761D79B209003CEC28 /* TabBarViewController.swift */; };
		0490C87E1D71258B00F522F4 /* AddReminderController.swift in Sources */ = {isa = PBXBuildFile; fileRef = 0490C87D1D71258B00F522F4 /* AddReminderController.swift */; };
		0490C8801D7128A000F522F4 /* ReminderTableViewCell.swift in Sources */ = {isa = PBXBuildFile; fileRef = 0490C87F1D7128A000F522F4 /* ReminderTableViewCell.swift */; };
		0490C8821D717B5200F522F4 /* Reminder.swift in Sources */ = {isa = PBXBuildFile; fileRef = 0490C8811D717B5200F522F4 /* Reminder.swift */; };
		049E433D1D657F7D005E796B /* StationViewController.swift in Sources */ = {isa = PBXBuildFile; fileRef = 049E433C1D657F7D005E796B /* StationViewController.swift */; };
		049E433F1D65AE1C005E796B /* Activity.swift in Sources */ = {isa = PBXBuildFile; fileRef = 049E433E1D65AE1C005E796B /* Activity.swift */; };
		049E43531D65E817005E796B /* FirebaseAnalytics.framework in Frameworks */ = {isa = PBXBuildFile; fileRef = 049E43511D65E5A8005E796B /* FirebaseAnalytics.framework */; };
		049E43541D65E824005E796B /* FirebaseDatabase.framework in Frameworks */ = {isa = PBXBuildFile; fileRef = 049E434F1D65D76A005E796B /* FirebaseDatabase.framework */; };
		049E43561D65E836005E796B /* FirebaseInstanceID.framework in Frameworks */ = {isa = PBXBuildFile; fileRef = 049E43551D65E836005E796B /* FirebaseInstanceID.framework */; };
		049E435C1D66B1D4005E796B /* ActivityViewController.swift in Sources */ = {isa = PBXBuildFile; fileRef = 049E435B1D66B1D4005E796B /* ActivityViewController.swift */; };
		049E435E1D66F5E6005E796B /* GoogleService-Info.plist in Resources */ = {isa = PBXBuildFile; fileRef = 049E435D1D66F5E6005E796B /* GoogleService-Info.plist */; };
		049E43601D673072005E796B /* ServiceDetailViewController.swift in Sources */ = {isa = PBXBuildFile; fileRef = 049E435F1D673072005E796B /* ServiceDetailViewController.swift */; };
		049E43621D681A57005E796B /* ServiceLocationViewController.swift in Sources */ = {isa = PBXBuildFile; fileRef = 049E43611D681A57005E796B /* ServiceLocationViewController.swift */; };
		04B3BA2F1D5AD12D0086C290 /* AppDelegate.swift in Sources */ = {isa = PBXBuildFile; fileRef = 04B3BA2E1D5AD12D0086C290 /* AppDelegate.swift */; };
		04B3BA341D5AD12D0086C290 /* Main.storyboard in Resources */ = {isa = PBXBuildFile; fileRef = 04B3BA321D5AD12D0086C290 /* Main.storyboard */; };
		04B3BA371D5AD12D0086C290 /* SCI_Aid.xcdatamodeld in Sources */ = {isa = PBXBuildFile; fileRef = 04B3BA351D5AD12D0086C290 /* SCI_Aid.xcdatamodeld */; };
		04B3BA391D5AD12D0086C290 /* Assets.xcassets in Resources */ = {isa = PBXBuildFile; fileRef = 04B3BA381D5AD12D0086C290 /* Assets.xcassets */; };
		04B3BA3C1D5AD12D0086C290 /* LaunchScreen.storyboard in Resources */ = {isa = PBXBuildFile; fileRef = 04B3BA3A1D5AD12D0086C290 /* LaunchScreen.storyboard */; };
		04B3BA471D5AD12D0086C290 /* SCI_AidTests.swift in Sources */ = {isa = PBXBuildFile; fileRef = 04B3BA461D5AD12D0086C290 /* SCI_AidTests.swift */; };
		04B3BA521D5AD12D0086C290 /* SCI_AidUITests.swift in Sources */ = {isa = PBXBuildFile; fileRef = 04B3BA511D5AD12D0086C290 /* SCI_AidUITests.swift */; };
		04E182881D839DED00750EB0 /* ServiceTableViewCell.swift in Sources */ = {isa = PBXBuildFile; fileRef = 04E182871D839DED00750EB0 /* ServiceTableViewCell.swift */; };
		04E1828A1D839E0600750EB0 /* ServiceTableViewController.swift in Sources */ = {isa = PBXBuildFile; fileRef = 04E182891D839E0600750EB0 /* ServiceTableViewController.swift */; };
		04E1828E1D85110200750EB0 /* DataManager.swift in Sources */ = {isa = PBXBuildFile; fileRef = 04E1828D1D85110200750EB0 /* DataManager.swift */; };
		04E182991D852E0200750EB0 /* Diary+CoreDataProperties.swift in Sources */ = {isa = PBXBuildFile; fileRef = 04E182971D852E0200750EB0 /* Diary+CoreDataProperties.swift */; };
		04E1829A1D852E0200750EB0 /* Diary.swift in Sources */ = {isa = PBXBuildFile; fileRef = 04E182981D852E0200750EB0 /* Diary.swift */; };
		04E3794D1D63F59E008EC849 /* Place.swift in Sources */ = {isa = PBXBuildFile; fileRef = 04E3794C1D63F59E008EC849 /* Place.swift */; };
		04E3794F1D63FBD7008EC849 /* PlaceViewController.swift in Sources */ = {isa = PBXBuildFile; fileRef = 04E3794E1D63FBD7008EC849 /* PlaceViewController.swift */; };
		04E379541D645954008EC849 /* Signature.m in Sources */ = {isa = PBXBuildFile; fileRef = 04E379531D645954008EC849 /* Signature.m */; };
		04E3795A1D646468008EC849 /* TransportViewController.swift in Sources */ = {isa = PBXBuildFile; fileRef = 04E379591D646468008EC849 /* TransportViewController.swift */; };
		04E3795C1D6488CB008EC849 /* Stop.swift in Sources */ = {isa = PBXBuildFile; fileRef = 04E3795B1D6488CB008EC849 /* Stop.swift */; };
		04E379601D64A6A6008EC849 /* CustomPointAnnotation.swift in Sources */ = {isa = PBXBuildFile; fileRef = 04E3795F1D64A6A6008EC849 /* CustomPointAnnotation.swift */; };
		26B234C357C535432CFC9DCD /* Pods_SCI_AidTests.framework in Frameworks */ = {isa = PBXBuildFile; fileRef = 4887228FD7D0AA22EEBA2821 /* Pods_SCI_AidTests.framework */; };
		3E93D60B9ECF8F43D6C25621 /* Pods_SCI_Aid.framework in Frameworks */ = {isa = PBXBuildFile; fileRef = 24DFE40B754D853EA5A1B1C1 /* Pods_SCI_Aid.framework */; };
		F99FA476C8E34CC5755EC542 /* Pods_SCI_AidUITests.framework in Frameworks */ = {isa = PBXBuildFile; fileRef = E06C1B4FD74F0F7B0235D2ED /* Pods_SCI_AidUITests.framework */; };
/* End PBXBuildFile section */

/* Begin PBXContainerItemProxy section */
		04B3BA431D5AD12D0086C290 /* PBXContainerItemProxy */ = {
			isa = PBXContainerItemProxy;
			containerPortal = 04B3BA231D5AD12D0086C290 /* Project object */;
			proxyType = 1;
			remoteGlobalIDString = 04B3BA2A1D5AD12D0086C290;
			remoteInfo = SCI_Aid;
		};
		04B3BA4E1D5AD12D0086C290 /* PBXContainerItemProxy */ = {
			isa = PBXContainerItemProxy;
			containerPortal = 04B3BA231D5AD12D0086C290 /* Project object */;
			proxyType = 1;
			remoteGlobalIDString = 04B3BA2A1D5AD12D0086C290;
			remoteInfo = SCI_Aid;
		};
/* End PBXContainerItemProxy section */

/* Begin PBXFileReference section */
		041C22701D86E35D00A77FB7 /* Toilet.swift */ = {isa = PBXFileReference; fileEncoding = 4; lastKnownFileType = sourcecode.swift; path = Toilet.swift; sourceTree = "<group>"; };
		041C22721D895D5E00A77FB7 /* GPTableViewController.swift */ = {isa = PBXFileReference; fileEncoding = 4; lastKnownFileType = sourcecode.swift; path = GPTableViewController.swift; sourceTree = "<group>"; };
		041C22761D8F64C300A77FB7 /* WalkthroughContentViewController.swift */ = {isa = PBXFileReference; fileEncoding = 4; lastKnownFileType = sourcecode.swift; path = WalkthroughContentViewController.swift; sourceTree = "<group>"; };
		041C22781D8F64EE00A77FB7 /* WalkthroughPageViewController.swift */ = {isa = PBXFileReference; fileEncoding = 4; lastKnownFileType = sourcecode.swift; path = WalkthroughPageViewController.swift; sourceTree = "<group>"; };
		0466EBD81D6194B400204BB2 /* HomePageController.swift */ = {isa = PBXFileReference; fileEncoding = 4; lastKnownFileType = sourcecode.swift; path = HomePageController.swift; sourceTree = "<group>"; };
		0466EBE01D61B35900204BB2 /* SwiftyJSON.framework */ = {isa = PBXFileReference; lastKnownFileType = wrapper.framework; name = SwiftyJSON.framework; path = "../../Library/Developer/Xcode/DerivedData/SCI_Aid-dsoxeiwmpqhiwkgvwafzzqfbjpol/Build/Products/Debug-iphonesimulator/SwiftyJSON.framework"; sourceTree = "<group>"; };
		048FC35E1D73D946003CEC28 /* DiaryDetailViewController.swift */ = {isa = PBXFileReference; fileEncoding = 4; lastKnownFileType = sourcecode.swift; path = DiaryDetailViewController.swift; sourceTree = "<group>"; };
		048FC3601D73D95D003CEC28 /* DiaryListController.swift */ = {isa = PBXFileReference; fileEncoding = 4; lastKnownFileType = sourcecode.swift; path = DiaryListController.swift; sourceTree = "<group>"; };
		048FC3621D73D972003CEC28 /* DiaryTableViewCell.swift */ = {isa = PBXFileReference; fileEncoding = 4; lastKnownFileType = sourcecode.swift; path = DiaryTableViewCell.swift; sourceTree = "<group>"; };
		048FC3661D770F51003CEC28 /* AboutViewController.swift */ = {isa = PBXFileReference; fileEncoding = 4; lastKnownFileType = sourcecode.swift; path = AboutViewController.swift; sourceTree = "<group>"; };
		048FC3681D7712F0003CEC28 /* ToiletViewController.swift */ = {isa = PBXFileReference; fileEncoding = 4; lastKnownFileType = sourcecode.swift; path = ToiletViewController.swift; sourceTree = "<group>"; };
		048FC3761D79B209003CEC28 /* TabBarViewController.swift */ = {isa = PBXFileReference; fileEncoding = 4; lastKnownFileType = sourcecode.swift; path = TabBarViewController.swift; sourceTree = "<group>"; };
		0490C87D1D71258B00F522F4 /* AddReminderController.swift */ = {isa = PBXFileReference; fileEncoding = 4; lastKnownFileType = sourcecode.swift; path = AddReminderController.swift; sourceTree = "<group>"; };
		0490C87F1D7128A000F522F4 /* ReminderTableViewCell.swift */ = {isa = PBXFileReference; fileEncoding = 4; lastKnownFileType = sourcecode.swift; path = ReminderTableViewCell.swift; sourceTree = "<group>"; };
		0490C8811D717B5200F522F4 /* Reminder.swift */ = {isa = PBXFileReference; fileEncoding = 4; lastKnownFileType = sourcecode.swift; path = Reminder.swift; sourceTree = "<group>"; };
		049E433C1D657F7D005E796B /* StationViewController.swift */ = {isa = PBXFileReference; fileEncoding = 4; lastKnownFileType = sourcecode.swift; path = StationViewController.swift; sourceTree = "<group>"; };
		049E433E1D65AE1C005E796B /* Activity.swift */ = {isa = PBXFileReference; fileEncoding = 4; lastKnownFileType = sourcecode.swift; path = Activity.swift; sourceTree = "<group>"; };
		049E43461D65BBD1005E796B /* Firebase */ = {isa = PBXFileReference; lastKnownFileType = folder; name = Firebase; path = Pods/Firebase; sourceTree = "<group>"; };
		049E434F1D65D76A005E796B /* FirebaseDatabase.framework */ = {isa = PBXFileReference; lastKnownFileType = wrapper.framework; name = FirebaseDatabase.framework; path = Pods/FirebaseDatabase/Frameworks/FirebaseDatabase.framework; sourceTree = "<group>"; };
		049E43511D65E5A8005E796B /* FirebaseAnalytics.framework */ = {isa = PBXFileReference; lastKnownFileType = wrapper.framework; name = FirebaseAnalytics.framework; path = Pods/FirebaseAnalytics/Frameworks/frameworks/FirebaseAnalytics.framework; sourceTree = "<group>"; };
		049E43551D65E836005E796B /* FirebaseInstanceID.framework */ = {isa = PBXFileReference; lastKnownFileType = wrapper.framework; name = FirebaseInstanceID.framework; path = Pods/FirebaseInstanceID/Frameworks/frameworks/FirebaseInstanceID.framework; sourceTree = "<group>"; };
		049E435B1D66B1D4005E796B /* ActivityViewController.swift */ = {isa = PBXFileReference; fileEncoding = 4; lastKnownFileType = sourcecode.swift; path = ActivityViewController.swift; sourceTree = "<group>"; };
		049E435D1D66F5E6005E796B /* GoogleService-Info.plist */ = {isa = PBXFileReference; fileEncoding = 4; lastKnownFileType = text.plist.xml; name = "GoogleService-Info.plist"; path = "../../../Downloads/GoogleService-Info.plist"; sourceTree = "<group>"; };
		049E435F1D673072005E796B /* ServiceDetailViewController.swift */ = {isa = PBXFileReference; fileEncoding = 4; lastKnownFileType = sourcecode.swift; path = ServiceDetailViewController.swift; sourceTree = "<group>"; };
		049E43611D681A57005E796B /* ServiceLocationViewController.swift */ = {isa = PBXFileReference; fileEncoding = 4; lastKnownFileType = sourcecode.swift; path = ServiceLocationViewController.swift; sourceTree = "<group>"; };
		04B3BA2B1D5AD12D0086C290 /* SCI Aid.app */ = {isa = PBXFileReference; explicitFileType = wrapper.application; includeInIndex = 0; path = "SCI Aid.app"; sourceTree = BUILT_PRODUCTS_DIR; };
		04B3BA2E1D5AD12D0086C290 /* AppDelegate.swift */ = {isa = PBXFileReference; lastKnownFileType = sourcecode.swift; path = AppDelegate.swift; sourceTree = "<group>"; };
		04B3BA331D5AD12D0086C290 /* Base */ = {isa = PBXFileReference; lastKnownFileType = file.storyboard; name = Base; path = Base.lproj/Main.storyboard; sourceTree = "<group>"; };
		04B3BA361D5AD12D0086C290 /* SCI_Aid.xcdatamodel */ = {isa = PBXFileReference; lastKnownFileType = wrapper.xcdatamodel; path = SCI_Aid.xcdatamodel; sourceTree = "<group>"; };
		04B3BA381D5AD12D0086C290 /* Assets.xcassets */ = {isa = PBXFileReference; lastKnownFileType = folder.assetcatalog; path = Assets.xcassets; sourceTree = "<group>"; };
		04B3BA3B1D5AD12D0086C290 /* Base */ = {isa = PBXFileReference; lastKnownFileType = file.storyboard; name = Base; path = Base.lproj/LaunchScreen.storyboard; sourceTree = "<group>"; };
		04B3BA3D1D5AD12D0086C290 /* Info.plist */ = {isa = PBXFileReference; lastKnownFileType = text.plist.xml; path = Info.plist; sourceTree = "<group>"; };
		04B3BA421D5AD12D0086C290 /* SCI_AidTests.xctest */ = {isa = PBXFileReference; explicitFileType = wrapper.cfbundle; includeInIndex = 0; path = SCI_AidTests.xctest; sourceTree = BUILT_PRODUCTS_DIR; };
		04B3BA461D5AD12D0086C290 /* SCI_AidTests.swift */ = {isa = PBXFileReference; lastKnownFileType = sourcecode.swift; path = SCI_AidTests.swift; sourceTree = "<group>"; };
		04B3BA481D5AD12D0086C290 /* Info.plist */ = {isa = PBXFileReference; lastKnownFileType = text.plist.xml; path = Info.plist; sourceTree = "<group>"; };
		04B3BA4D1D5AD12D0086C290 /* SCI_AidUITests.xctest */ = {isa = PBXFileReference; explicitFileType = wrapper.cfbundle; includeInIndex = 0; path = SCI_AidUITests.xctest; sourceTree = BUILT_PRODUCTS_DIR; };
		04B3BA511D5AD12D0086C290 /* SCI_AidUITests.swift */ = {isa = PBXFileReference; lastKnownFileType = sourcecode.swift; path = SCI_AidUITests.swift; sourceTree = "<group>"; };
		04B3BA531D5AD12D0086C290 /* Info.plist */ = {isa = PBXFileReference; lastKnownFileType = text.plist.xml; path = Info.plist; sourceTree = "<group>"; };
		04E182871D839DED00750EB0 /* ServiceTableViewCell.swift */ = {isa = PBXFileReference; fileEncoding = 4; lastKnownFileType = sourcecode.swift; path = ServiceTableViewCell.swift; sourceTree = "<group>"; };
		04E182891D839E0600750EB0 /* ServiceTableViewController.swift */ = {isa = PBXFileReference; fileEncoding = 4; lastKnownFileType = sourcecode.swift; path = ServiceTableViewController.swift; sourceTree = "<group>"; };
		04E1828D1D85110200750EB0 /* DataManager.swift */ = {isa = PBXFileReference; fileEncoding = 4; lastKnownFileType = sourcecode.swift; path = DataManager.swift; sourceTree = "<group>"; };
		04E182971D852E0200750EB0 /* Diary+CoreDataProperties.swift */ = {isa = PBXFileReference; fileEncoding = 4; lastKnownFileType = sourcecode.swift; path = "Diary+CoreDataProperties.swift"; sourceTree = "<group>"; };
		04E182981D852E0200750EB0 /* Diary.swift */ = {isa = PBXFileReference; fileEncoding = 4; lastKnownFileType = sourcecode.swift; path = Diary.swift; sourceTree = "<group>"; };
		04E3794C1D63F59E008EC849 /* Place.swift */ = {isa = PBXFileReference; fileEncoding = 4; lastKnownFileType = sourcecode.swift; path = Place.swift; sourceTree = "<group>"; };
		04E3794E1D63FBD7008EC849 /* PlaceViewController.swift */ = {isa = PBXFileReference; fileEncoding = 4; lastKnownFileType = sourcecode.swift; path = PlaceViewController.swift; sourceTree = "<group>"; };
		04E379521D645954008EC849 /* SCI_Aid-Bridging-Header.h */ = {isa = PBXFileReference; lastKnownFileType = sourcecode.c.h; path = "SCI_Aid-Bridging-Header.h"; sourceTree = "<group>"; };
		04E379531D645954008EC849 /* Signature.m */ = {isa = PBXFileReference; fileEncoding = 4; lastKnownFileType = sourcecode.c.objc; path = Signature.m; sourceTree = "<group>"; };
		04E379551D645976008EC849 /* Signature.h */ = {isa = PBXFileReference; lastKnownFileType = sourcecode.c.h; path = Signature.h; sourceTree = "<group>"; };
		04E379591D646468008EC849 /* TransportViewController.swift */ = {isa = PBXFileReference; fileEncoding = 4; lastKnownFileType = sourcecode.swift; path = TransportViewController.swift; sourceTree = "<group>"; };
		04E3795B1D6488CB008EC849 /* Stop.swift */ = {isa = PBXFileReference; fileEncoding = 4; lastKnownFileType = sourcecode.swift; path = Stop.swift; sourceTree = "<group>"; };
		04E3795F1D64A6A6008EC849 /* CustomPointAnnotation.swift */ = {isa = PBXFileReference; fileEncoding = 4; lastKnownFileType = sourcecode.swift; path = CustomPointAnnotation.swift; sourceTree = "<group>"; };
		11CD701C31B42FD71812FFC0 /* Pods-SCI_Aid.debug.xcconfig */ = {isa = PBXFileReference; includeInIndex = 1; lastKnownFileType = text.xcconfig; name = "Pods-SCI_Aid.debug.xcconfig"; path = "Pods/Target Support Files/Pods-SCI_Aid/Pods-SCI_Aid.debug.xcconfig"; sourceTree = "<group>"; };
		24DFE40B754D853EA5A1B1C1 /* Pods_SCI_Aid.framework */ = {isa = PBXFileReference; explicitFileType = wrapper.framework; includeInIndex = 0; path = Pods_SCI_Aid.framework; sourceTree = BUILT_PRODUCTS_DIR; };
		37FD2257142DD36B10D257E3 /* Pods-SCI_Aid.release.xcconfig */ = {isa = PBXFileReference; includeInIndex = 1; lastKnownFileType = text.xcconfig; name = "Pods-SCI_Aid.release.xcconfig"; path = "Pods/Target Support Files/Pods-SCI_Aid/Pods-SCI_Aid.release.xcconfig"; sourceTree = "<group>"; };
		4887228FD7D0AA22EEBA2821 /* Pods_SCI_AidTests.framework */ = {isa = PBXFileReference; explicitFileType = wrapper.framework; includeInIndex = 0; path = Pods_SCI_AidTests.framework; sourceTree = BUILT_PRODUCTS_DIR; };
		4A1E9C98F1040700D30799DE /* Pods-SCI_AidTests.release.xcconfig */ = {isa = PBXFileReference; includeInIndex = 1; lastKnownFileType = text.xcconfig; name = "Pods-SCI_AidTests.release.xcconfig"; path = "Pods/Target Support Files/Pods-SCI_AidTests/Pods-SCI_AidTests.release.xcconfig"; sourceTree = "<group>"; };
		70B37AE5D77B39C1FFB1E9C5 /* Pods-SCI_AidTests.debug.xcconfig */ = {isa = PBXFileReference; includeInIndex = 1; lastKnownFileType = text.xcconfig; name = "Pods-SCI_AidTests.debug.xcconfig"; path = "Pods/Target Support Files/Pods-SCI_AidTests/Pods-SCI_AidTests.debug.xcconfig"; sourceTree = "<group>"; };
		7E017AFA79E27EDBBC0AB25B /* Pods-SCI_AidUITests.release.xcconfig */ = {isa = PBXFileReference; includeInIndex = 1; lastKnownFileType = text.xcconfig; name = "Pods-SCI_AidUITests.release.xcconfig"; path = "Pods/Target Support Files/Pods-SCI_AidUITests/Pods-SCI_AidUITests.release.xcconfig"; sourceTree = "<group>"; };
		8830DAEFB17BD8B35797FD34 /* Pods-SCI_AidUITests.debug.xcconfig */ = {isa = PBXFileReference; includeInIndex = 1; lastKnownFileType = text.xcconfig; name = "Pods-SCI_AidUITests.debug.xcconfig"; path = "Pods/Target Support Files/Pods-SCI_AidUITests/Pods-SCI_AidUITests.debug.xcconfig"; sourceTree = "<group>"; };
		E06C1B4FD74F0F7B0235D2ED /* Pods_SCI_AidUITests.framework */ = {isa = PBXFileReference; explicitFileType = wrapper.framework; includeInIndex = 0; path = Pods_SCI_AidUITests.framework; sourceTree = BUILT_PRODUCTS_DIR; };
/* End PBXFileReference section */

/* Begin PBXFrameworksBuildPhase section */
		04B3BA281D5AD12D0086C290 /* Frameworks */ = {
			isa = PBXFrameworksBuildPhase;
			buildActionMask = 2147483647;
			files = (
				049E43561D65E836005E796B /* FirebaseInstanceID.framework in Frameworks */,
				049E43541D65E824005E796B /* FirebaseDatabase.framework in Frameworks */,
				049E43531D65E817005E796B /* FirebaseAnalytics.framework in Frameworks */,
				0466EBE11D61B35900204BB2 /* SwiftyJSON.framework in Frameworks */,
				3E93D60B9ECF8F43D6C25621 /* Pods_SCI_Aid.framework in Frameworks */,
			);
			runOnlyForDeploymentPostprocessing = 0;
		};
		04B3BA3F1D5AD12D0086C290 /* Frameworks */ = {
			isa = PBXFrameworksBuildPhase;
			buildActionMask = 2147483647;
			files = (
				26B234C357C535432CFC9DCD /* Pods_SCI_AidTests.framework in Frameworks */,
			);
			runOnlyForDeploymentPostprocessing = 0;
		};
		04B3BA4A1D5AD12D0086C290 /* Frameworks */ = {
			isa = PBXFrameworksBuildPhase;
			buildActionMask = 2147483647;
			files = (
				F99FA476C8E34CC5755EC542 /* Pods_SCI_AidUITests.framework in Frameworks */,
			);
			runOnlyForDeploymentPostprocessing = 0;
		};
/* End PBXFrameworksBuildPhase section */

/* Begin PBXGroup section */
		041A012C1D925004007F19D4 /* Tutorial */ = {
			isa = PBXGroup;
			children = (
				041C22761D8F64C300A77FB7 /* WalkthroughContentViewController.swift */,
				041C22781D8F64EE00A77FB7 /* WalkthroughPageViewController.swift */,
			);
			name = Tutorial;
			sourceTree = "<group>";
		};
		04B3BA221D5AD12D0086C290 = {
			isa = PBXGroup;
			children = (
				04B3BA2D1D5AD12D0086C290 /* SCI_Aid */,
				04B3BA451D5AD12D0086C290 /* SCI_AidTests */,
				04B3BA501D5AD12D0086C290 /* SCI_AidUITests */,
				04B3BA2C1D5AD12D0086C290 /* Products */,
				1127CB919C7A0C41171187CE /* Frameworks */,
				2E9D8BC82147F75D85BC3839 /* Pods */,
			);
			sourceTree = "<group>";
		};
		04B3BA2C1D5AD12D0086C290 /* Products */ = {
			isa = PBXGroup;
			children = (
				04B3BA2B1D5AD12D0086C290 /* SCI Aid.app */,
				04B3BA421D5AD12D0086C290 /* SCI_AidTests.xctest */,
				04B3BA4D1D5AD12D0086C290 /* SCI_AidUITests.xctest */,
			);
			name = Products;
			sourceTree = "<group>";
		};
		04B3BA2D1D5AD12D0086C290 /* SCI_Aid */ = {
			isa = PBXGroup;
			children = (
				041A012C1D925004007F19D4 /* Tutorial */,
				04EC8B4E1D81903B00006292 /* Database */,
				04EC8B4D1D818FF600006292 /* Transport */,
				04EC8B4C1D818FC500006292 /* Facility */,
				04EC8B4B1D818FA200006292 /* Toilet */,
				04EC8B4A1D818F8D00006292 /* Diary */,
				04EC8B491D818F7000006292 /* Reminder */,
				049E435D1D66F5E6005E796B /* GoogleService-Info.plist */,
				04B3BA2E1D5AD12D0086C290 /* AppDelegate.swift */,
				048FC3761D79B209003CEC28 /* TabBarViewController.swift */,
				04B3BA321D5AD12D0086C290 /* Main.storyboard */,
				04B3BA381D5AD12D0086C290 /* Assets.xcassets */,
				04B3BA3A1D5AD12D0086C290 /* LaunchScreen.storyboard */,
				04B3BA3D1D5AD12D0086C290 /* Info.plist */,
				04B3BA351D5AD12D0086C290 /* SCI_Aid.xcdatamodeld */,
			);
			path = SCI_Aid;
			sourceTree = "<group>";
		};
		04B3BA451D5AD12D0086C290 /* SCI_AidTests */ = {
			isa = PBXGroup;
			children = (
				04B3BA461D5AD12D0086C290 /* SCI_AidTests.swift */,
				04B3BA481D5AD12D0086C290 /* Info.plist */,
			);
			path = SCI_AidTests;
			sourceTree = "<group>";
		};
		04B3BA501D5AD12D0086C290 /* SCI_AidUITests */ = {
			isa = PBXGroup;
			children = (
				04B3BA511D5AD12D0086C290 /* SCI_AidUITests.swift */,
				04B3BA531D5AD12D0086C290 /* Info.plist */,
			);
			path = SCI_AidUITests;
			sourceTree = "<group>";
		};
		04EC8B491D818F7000006292 /* Reminder */ = {
			isa = PBXGroup;
			children = (
				0466EBD81D6194B400204BB2 /* HomePageController.swift */,
				0490C87D1D71258B00F522F4 /* AddReminderController.swift */,
				0490C87F1D7128A000F522F4 /* ReminderTableViewCell.swift */,
			);
			name = Reminder;
			sourceTree = "<group>";
		};
		04EC8B4A1D818F8D00006292 /* Diary */ = {
			isa = PBXGroup;
			children = (
				048FC35E1D73D946003CEC28 /* DiaryDetailViewController.swift */,
				048FC3601D73D95D003CEC28 /* DiaryListController.swift */,
				048FC3621D73D972003CEC28 /* DiaryTableViewCell.swift */,
			);
			name = Diary;
			sourceTree = "<group>";
		};
		04EC8B4B1D818FA200006292 /* Toilet */ = {
			isa = PBXGroup;
			children = (
				041C22701D86E35D00A77FB7 /* Toilet.swift */,
				048FC3681D7712F0003CEC28 /* ToiletViewController.swift */,
			);
			name = Toilet;
			sourceTree = "<group>";
		};
		04EC8B4C1D818FC500006292 /* Facility */ = {
			isa = PBXGroup;
			children = (
				041C22721D895D5E00A77FB7 /* GPTableViewController.swift */,
				04E3794E1D63FBD7008EC849 /* PlaceViewController.swift */,
				04E182871D839DED00750EB0 /* ServiceTableViewCell.swift */,
				04E182891D839E0600750EB0 /* ServiceTableViewController.swift */,
				049E435F1D673072005E796B /* ServiceDetailViewController.swift */,
				049E43611D681A57005E796B /* ServiceLocationViewController.swift */,
				049E435B1D66B1D4005E796B /* ActivityViewController.swift */,
				049E433E1D65AE1C005E796B /* Activity.swift */,
				04E3794C1D63F59E008EC849 /* Place.swift */,
			);
			name = Facility;
			sourceTree = "<group>";
		};
		04EC8B4D1D818FF600006292 /* Transport */ = {
			isa = PBXGroup;
			children = (
				04E379521D645954008EC849 /* SCI_Aid-Bridging-Header.h */,
				049E433C1D657F7D005E796B /* StationViewController.swift */,
				04E3795F1D64A6A6008EC849 /* CustomPointAnnotation.swift */,
				04E3795B1D6488CB008EC849 /* Stop.swift */,
				04E379531D645954008EC849 /* Signature.m */,
				04E379551D645976008EC849 /* Signature.h */,
				04E379591D646468008EC849 /* TransportViewController.swift */,
				048FC3661D770F51003CEC28 /* AboutViewController.swift */,
			);
			name = Transport;
			sourceTree = "<group>";
		};
		04EC8B4E1D81903B00006292 /* Database */ = {
			isa = PBXGroup;
			children = (
				04E182971D852E0200750EB0 /* Diary+CoreDataProperties.swift */,
				04E182981D852E0200750EB0 /* Diary.swift */,
				04E1828D1D85110200750EB0 /* DataManager.swift */,
				0490C8811D717B5200F522F4 /* Reminder.swift */,
			);
			name = Database;
			sourceTree = "<group>";
		};
		1127CB919C7A0C41171187CE /* Frameworks */ = {
			isa = PBXGroup;
			children = (
				049E43551D65E836005E796B /* FirebaseInstanceID.framework */,
				049E43511D65E5A8005E796B /* FirebaseAnalytics.framework */,
				049E434F1D65D76A005E796B /* FirebaseDatabase.framework */,
				049E43461D65BBD1005E796B /* Firebase */,
				0466EBE01D61B35900204BB2 /* SwiftyJSON.framework */,
				24DFE40B754D853EA5A1B1C1 /* Pods_SCI_Aid.framework */,
				4887228FD7D0AA22EEBA2821 /* Pods_SCI_AidTests.framework */,
				E06C1B4FD74F0F7B0235D2ED /* Pods_SCI_AidUITests.framework */,
			);
			name = Frameworks;
			sourceTree = "<group>";
		};
		2E9D8BC82147F75D85BC3839 /* Pods */ = {
			isa = PBXGroup;
			children = (
				11CD701C31B42FD71812FFC0 /* Pods-SCI_Aid.debug.xcconfig */,
				37FD2257142DD36B10D257E3 /* Pods-SCI_Aid.release.xcconfig */,
				70B37AE5D77B39C1FFB1E9C5 /* Pods-SCI_AidTests.debug.xcconfig */,
				4A1E9C98F1040700D30799DE /* Pods-SCI_AidTests.release.xcconfig */,
				8830DAEFB17BD8B35797FD34 /* Pods-SCI_AidUITests.debug.xcconfig */,
				7E017AFA79E27EDBBC0AB25B /* Pods-SCI_AidUITests.release.xcconfig */,
			);
			name = Pods;
			sourceTree = "<group>";
		};
/* End PBXGroup section */

/* Begin PBXNativeTarget section */
		04B3BA2A1D5AD12D0086C290 /* SCI_Aid */ = {
			isa = PBXNativeTarget;
			buildConfigurationList = 04B3BA561D5AD12D0086C290 /* Build configuration list for PBXNativeTarget "SCI_Aid" */;
			buildPhases = (
				3E3F11C7B806753F784A666A /* [CP] Check Pods Manifest.lock */,
				04B3BA271D5AD12D0086C290 /* Sources */,
				04B3BA281D5AD12D0086C290 /* Frameworks */,
				04B3BA291D5AD12D0086C290 /* Resources */,
				214B0DD613E921A918FBB204 /* [CP] Embed Pods Frameworks */,
				416638FA0C20AB30AFCA0551 /* [CP] Copy Pods Resources */,
			);
			buildRules = (
			);
			dependencies = (
			);
			name = SCI_Aid;
			productName = SCI_Aid;
			productReference = 04B3BA2B1D5AD12D0086C290 /* SCI Aid.app */;
			productType = "com.apple.product-type.application";
		};
		04B3BA411D5AD12D0086C290 /* SCI_AidTests */ = {
			isa = PBXNativeTarget;
			buildConfigurationList = 04B3BA591D5AD12D0086C290 /* Build configuration list for PBXNativeTarget "SCI_AidTests" */;
			buildPhases = (
				B8E74E215AEBBD75BC356580 /* [CP] Check Pods Manifest.lock */,
				04B3BA3E1D5AD12D0086C290 /* Sources */,
				04B3BA3F1D5AD12D0086C290 /* Frameworks */,
				04B3BA401D5AD12D0086C290 /* Resources */,
				4B5EA599B3AB1929FD759212 /* [CP] Embed Pods Frameworks */,
				65C03ACAEC2940CF0B3EF408 /* [CP] Copy Pods Resources */,
			);
			buildRules = (
			);
			dependencies = (
				04B3BA441D5AD12D0086C290 /* PBXTargetDependency */,
			);
			name = SCI_AidTests;
			productName = SCI_AidTests;
			productReference = 04B3BA421D5AD12D0086C290 /* SCI_AidTests.xctest */;
			productType = "com.apple.product-type.bundle.unit-test";
		};
		04B3BA4C1D5AD12D0086C290 /* SCI_AidUITests */ = {
			isa = PBXNativeTarget;
			buildConfigurationList = 04B3BA5C1D5AD12D0086C290 /* Build configuration list for PBXNativeTarget "SCI_AidUITests" */;
			buildPhases = (
				3D06B652032AE59922456E94 /* [CP] Check Pods Manifest.lock */,
				04B3BA491D5AD12D0086C290 /* Sources */,
				04B3BA4A1D5AD12D0086C290 /* Frameworks */,
				04B3BA4B1D5AD12D0086C290 /* Resources */,
				7AE1DD1D6F5CF90A85110738 /* [CP] Copy Pods Resources */,
			);
			buildRules = (
			);
			dependencies = (
				04B3BA4F1D5AD12D0086C290 /* PBXTargetDependency */,
			);
			name = SCI_AidUITests;
			productName = SCI_AidUITests;
			productReference = 04B3BA4D1D5AD12D0086C290 /* SCI_AidUITests.xctest */;
			productType = "com.apple.product-type.bundle.ui-testing";
		};
/* End PBXNativeTarget section */

/* Begin PBXProject section */
		04B3BA231D5AD12D0086C290 /* Project object */ = {
			isa = PBXProject;
			attributes = {
				LastSwiftUpdateCheck = 0730;
				LastUpgradeCheck = 0730;
				ORGANIZATIONNAME = Dee;
				TargetAttributes = {
					04B3BA2A1D5AD12D0086C290 = {
						CreatedOnToolsVersion = 7.3;
						DevelopmentTeam = V9RJNM34U4;
					};
					04B3BA411D5AD12D0086C290 = {
						CreatedOnToolsVersion = 7.3;
						DevelopmentTeam = 87BXM8YT8Q;
						TestTargetID = 04B3BA2A1D5AD12D0086C290;
					};
					04B3BA4C1D5AD12D0086C290 = {
						CreatedOnToolsVersion = 7.3;
						DevelopmentTeam = 87BXM8YT8Q;
						TestTargetID = 04B3BA2A1D5AD12D0086C290;
					};
				};
			};
			buildConfigurationList = 04B3BA261D5AD12D0086C290 /* Build configuration list for PBXProject "SCI_Aid" */;
			compatibilityVersion = "Xcode 3.2";
			developmentRegion = English;
			hasScannedForEncodings = 0;
			knownRegions = (
				en,
				Base,
			);
			mainGroup = 04B3BA221D5AD12D0086C290;
			productRefGroup = 04B3BA2C1D5AD12D0086C290 /* Products */;
			projectDirPath = "";
			projectRoot = "";
			targets = (
				04B3BA2A1D5AD12D0086C290 /* SCI_Aid */,
				04B3BA411D5AD12D0086C290 /* SCI_AidTests */,
				04B3BA4C1D5AD12D0086C290 /* SCI_AidUITests */,
			);
		};
/* End PBXProject section */

/* Begin PBXResourcesBuildPhase section */
		04B3BA291D5AD12D0086C290 /* Resources */ = {
			isa = PBXResourcesBuildPhase;
			buildActionMask = 2147483647;
			files = (
				04B3BA3C1D5AD12D0086C290 /* LaunchScreen.storyboard in Resources */,
				049E435E1D66F5E6005E796B /* GoogleService-Info.plist in Resources */,
				04B3BA391D5AD12D0086C290 /* Assets.xcassets in Resources */,
				04B3BA341D5AD12D0086C290 /* Main.storyboard in Resources */,
			);
			runOnlyForDeploymentPostprocessing = 0;
		};
		04B3BA401D5AD12D0086C290 /* Resources */ = {
			isa = PBXResourcesBuildPhase;
			buildActionMask = 2147483647;
			files = (
			);
			runOnlyForDeploymentPostprocessing = 0;
		};
		04B3BA4B1D5AD12D0086C290 /* Resources */ = {
			isa = PBXResourcesBuildPhase;
			buildActionMask = 2147483647;
			files = (
			);
			runOnlyForDeploymentPostprocessing = 0;
		};
/* End PBXResourcesBuildPhase section */

/* Begin PBXShellScriptBuildPhase section */
		214B0DD613E921A918FBB204 /* [CP] Embed Pods Frameworks */ = {
			isa = PBXShellScriptBuildPhase;
			buildActionMask = 2147483647;
			files = (
			);
			inputPaths = (
			);
			name = "[CP] Embed Pods Frameworks";
			outputPaths = (
			);
			runOnlyForDeploymentPostprocessing = 0;
			shellPath = /bin/sh;
			shellScript = "\"${SRCROOT}/Pods/Target Support Files/Pods-SCI_Aid/Pods-SCI_Aid-frameworks.sh\"\n";
			showEnvVarsInLog = 0;
		};
		3D06B652032AE59922456E94 /* [CP] Check Pods Manifest.lock */ = {
			isa = PBXShellScriptBuildPhase;
			buildActionMask = 2147483647;
			files = (
			);
			inputPaths = (
			);
			name = "[CP] Check Pods Manifest.lock";
			outputPaths = (
			);
			runOnlyForDeploymentPostprocessing = 0;
			shellPath = /bin/sh;
			shellScript = "diff \"${PODS_ROOT}/../Podfile.lock\" \"${PODS_ROOT}/Manifest.lock\" > /dev/null\nif [[ $? != 0 ]] ; then\n    cat << EOM\nerror: The sandbox is not in sync with the Podfile.lock. Run 'pod install' or update your CocoaPods installation.\nEOM\n    exit 1\nfi\n";
			showEnvVarsInLog = 0;
		};
		3E3F11C7B806753F784A666A /* [CP] Check Pods Manifest.lock */ = {
			isa = PBXShellScriptBuildPhase;
			buildActionMask = 2147483647;
			files = (
			);
			inputPaths = (
			);
			name = "[CP] Check Pods Manifest.lock";
			outputPaths = (
			);
			runOnlyForDeploymentPostprocessing = 0;
			shellPath = /bin/sh;
			shellScript = "diff \"${PODS_ROOT}/../Podfile.lock\" \"${PODS_ROOT}/Manifest.lock\" > /dev/null\nif [[ $? != 0 ]] ; then\n    cat << EOM\nerror: The sandbox is not in sync with the Podfile.lock. Run 'pod install' or update your CocoaPods installation.\nEOM\n    exit 1\nfi\n";
			showEnvVarsInLog = 0;
		};
		416638FA0C20AB30AFCA0551 /* [CP] Copy Pods Resources */ = {
			isa = PBXShellScriptBuildPhase;
			buildActionMask = 2147483647;
			files = (
			);
			inputPaths = (
			);
			name = "[CP] Copy Pods Resources";
			outputPaths = (
			);
			runOnlyForDeploymentPostprocessing = 0;
			shellPath = /bin/sh;
			shellScript = "\"${SRCROOT}/Pods/Target Support Files/Pods-SCI_Aid/Pods-SCI_Aid-resources.sh\"\n";
			showEnvVarsInLog = 0;
		};
		4B5EA599B3AB1929FD759212 /* [CP] Embed Pods Frameworks */ = {
			isa = PBXShellScriptBuildPhase;
			buildActionMask = 2147483647;
			files = (
			);
			inputPaths = (
			);
			name = "[CP] Embed Pods Frameworks";
			outputPaths = (
			);
			runOnlyForDeploymentPostprocessing = 0;
			shellPath = /bin/sh;
			shellScript = "\"${SRCROOT}/Pods/Target Support Files/Pods-SCI_AidTests/Pods-SCI_AidTests-frameworks.sh\"\n";
			showEnvVarsInLog = 0;
		};
		65C03ACAEC2940CF0B3EF408 /* [CP] Copy Pods Resources */ = {
			isa = PBXShellScriptBuildPhase;
			buildActionMask = 2147483647;
			files = (
			);
			inputPaths = (
			);
			name = "[CP] Copy Pods Resources";
			outputPaths = (
			);
			runOnlyForDeploymentPostprocessing = 0;
			shellPath = /bin/sh;
			shellScript = "\"${SRCROOT}/Pods/Target Support Files/Pods-SCI_AidTests/Pods-SCI_AidTests-resources.sh\"\n";
			showEnvVarsInLog = 0;
		};
		7AE1DD1D6F5CF90A85110738 /* [CP] Copy Pods Resources */ = {
			isa = PBXShellScriptBuildPhase;
			buildActionMask = 2147483647;
			files = (
			);
			inputPaths = (
			);
			name = "[CP] Copy Pods Resources";
			outputPaths = (
			);
			runOnlyForDeploymentPostprocessing = 0;
			shellPath = /bin/sh;
			shellScript = "\"${SRCROOT}/Pods/Target Support Files/Pods-SCI_AidUITests/Pods-SCI_AidUITests-resources.sh\"\n";
			showEnvVarsInLog = 0;
		};
		B8E74E215AEBBD75BC356580 /* [CP] Check Pods Manifest.lock */ = {
			isa = PBXShellScriptBuildPhase;
			buildActionMask = 2147483647;
			files = (
			);
			inputPaths = (
			);
			name = "[CP] Check Pods Manifest.lock";
			outputPaths = (
			);
			runOnlyForDeploymentPostprocessing = 0;
			shellPath = /bin/sh;
			shellScript = "diff \"${PODS_ROOT}/../Podfile.lock\" \"${PODS_ROOT}/Manifest.lock\" > /dev/null\nif [[ $? != 0 ]] ; then\n    cat << EOM\nerror: The sandbox is not in sync with the Podfile.lock. Run 'pod install' or update your CocoaPods installation.\nEOM\n    exit 1\nfi\n";
			showEnvVarsInLog = 0;
		};
/* End PBXShellScriptBuildPhase section */

/* Begin PBXSourcesBuildPhase section */
		04B3BA271D5AD12D0086C290 /* Sources */ = {
			isa = PBXSourcesBuildPhase;
			buildActionMask = 2147483647;
			files = (
				04E1828E1D85110200750EB0 /* DataManager.swift in Sources */,
				04E3794F1D63FBD7008EC849 /* PlaceViewController.swift in Sources */,
				049E433D1D657F7D005E796B /* StationViewController.swift in Sources */,
				0490C8801D7128A000F522F4 /* ReminderTableViewCell.swift in Sources */,
				049E435C1D66B1D4005E796B /* ActivityViewController.swift in Sources */,
				0490C87E1D71258B00F522F4 /* AddReminderController.swift in Sources */,
				04E182881D839DED00750EB0 /* ServiceTableViewCell.swift in Sources */,
				049E433F1D65AE1C005E796B /* Activity.swift in Sources */,
				04E379541D645954008EC849 /* Signature.m in Sources */,
				048FC35F1D73D946003CEC28 /* DiaryDetailViewController.swift in Sources */,
				0466EBD91D6194B400204BB2 /* HomePageController.swift in Sources */,
				04E3794D1D63F59E008EC849 /* Place.swift in Sources */,
				04E3795A1D646468008EC849 /* TransportViewController.swift in Sources */,
				04E3795C1D6488CB008EC849 /* Stop.swift in Sources */,
				04B3BA2F1D5AD12D0086C290 /* AppDelegate.swift in Sources */,
				048FC3771D79B209003CEC28 /* TabBarViewController.swift in Sources */,
				049E43621D681A57005E796B /* ServiceLocationViewController.swift in Sources */,
				041C22711D86E35D00A77FB7 /* Toilet.swift in Sources */,
				041C22731D895D5E00A77FB7 /* GPTableViewController.swift in Sources */,
				049E43601D673072005E796B /* ServiceDetailViewController.swift in Sources */,
				04E1828A1D839E0600750EB0 /* ServiceTableViewController.swift in Sources */,
				04E379601D64A6A6008EC849 /* CustomPointAnnotation.swift in Sources */,
				041C22791D8F64EE00A77FB7 /* WalkthroughPageViewController.swift in Sources */,
				048FC3611D73D95D003CEC28 /* DiaryListController.swift in Sources */,
				04E182991D852E0200750EB0 /* Diary+CoreDataProperties.swift in Sources */,
				04B3BA371D5AD12D0086C290 /* SCI_Aid.xcdatamodeld in Sources */,
				041C22771D8F64C300A77FB7 /* WalkthroughContentViewController.swift in Sources */,
				048FC3691D7712F0003CEC28 /* ToiletViewController.swift in Sources */,
				0490C8821D717B5200F522F4 /* Reminder.swift in Sources */,
				048FC3671D770F51003CEC28 /* AboutViewController.swift in Sources */,
				048FC3631D73D972003CEC28 /* DiaryTableViewCell.swift in Sources */,
				04E1829A1D852E0200750EB0 /* Diary.swift in Sources */,
			);
			runOnlyForDeploymentPostprocessing = 0;
		};
		04B3BA3E1D5AD12D0086C290 /* Sources */ = {
			isa = PBXSourcesBuildPhase;
			buildActionMask = 2147483647;
			files = (
				04B3BA471D5AD12D0086C290 /* SCI_AidTests.swift in Sources */,
			);
			runOnlyForDeploymentPostprocessing = 0;
		};
		04B3BA491D5AD12D0086C290 /* Sources */ = {
			isa = PBXSourcesBuildPhase;
			buildActionMask = 2147483647;
			files = (
				04B3BA521D5AD12D0086C290 /* SCI_AidUITests.swift in Sources */,
			);
			runOnlyForDeploymentPostprocessing = 0;
		};
/* End PBXSourcesBuildPhase section */

/* Begin PBXTargetDependency section */
		04B3BA441D5AD12D0086C290 /* PBXTargetDependency */ = {
			isa = PBXTargetDependency;
			target = 04B3BA2A1D5AD12D0086C290 /* SCI_Aid */;
			targetProxy = 04B3BA431D5AD12D0086C290 /* PBXContainerItemProxy */;
		};
		04B3BA4F1D5AD12D0086C290 /* PBXTargetDependency */ = {
			isa = PBXTargetDependency;
			target = 04B3BA2A1D5AD12D0086C290 /* SCI_Aid */;
			targetProxy = 04B3BA4E1D5AD12D0086C290 /* PBXContainerItemProxy */;
		};
/* End PBXTargetDependency section */

/* Begin PBXVariantGroup section */
		04B3BA321D5AD12D0086C290 /* Main.storyboard */ = {
			isa = PBXVariantGroup;
			children = (
				04B3BA331D5AD12D0086C290 /* Base */,
			);
			name = Main.storyboard;
			sourceTree = "<group>";
		};
		04B3BA3A1D5AD12D0086C290 /* LaunchScreen.storyboard */ = {
			isa = PBXVariantGroup;
			children = (
				04B3BA3B1D5AD12D0086C290 /* Base */,
			);
			name = LaunchScreen.storyboard;
			sourceTree = "<group>";
		};
/* End PBXVariantGroup section */

/* Begin XCBuildConfiguration section */
		04B3BA541D5AD12D0086C290 /* Debug */ = {
			isa = XCBuildConfiguration;
			buildSettings = {
				ALWAYS_SEARCH_USER_PATHS = NO;
				CLANG_ANALYZER_NONNULL = YES;
				CLANG_CXX_LANGUAGE_STANDARD = "gnu++0x";
				CLANG_CXX_LIBRARY = "libc++";
				CLANG_ENABLE_MODULES = YES;
				CLANG_ENABLE_OBJC_ARC = YES;
				CLANG_WARN_BOOL_CONVERSION = YES;
				CLANG_WARN_CONSTANT_CONVERSION = YES;
				CLANG_WARN_DIRECT_OBJC_ISA_USAGE = YES_ERROR;
				CLANG_WARN_EMPTY_BODY = YES;
				CLANG_WARN_ENUM_CONVERSION = YES;
				CLANG_WARN_INT_CONVERSION = YES;
				CLANG_WARN_OBJC_ROOT_CLASS = YES_ERROR;
				CLANG_WARN_UNREACHABLE_CODE = YES;
				CLANG_WARN__DUPLICATE_METHOD_MATCH = YES;
				"CODE_SIGN_IDENTITY[sdk=iphoneos*]" = "iPhone Developer";
				COPY_PHASE_STRIP = NO;
				DEBUG_INFORMATION_FORMAT = dwarf;
				ENABLE_STRICT_OBJC_MSGSEND = YES;
				ENABLE_TESTABILITY = YES;
				GCC_C_LANGUAGE_STANDARD = gnu99;
				GCC_DYNAMIC_NO_PIC = NO;
				GCC_NO_COMMON_BLOCKS = YES;
				GCC_OPTIMIZATION_LEVEL = 0;
				GCC_PREPROCESSOR_DEFINITIONS = (
					"DEBUG=1",
					"$(inherited)",
				);
				GCC_WARN_64_TO_32_BIT_CONVERSION = YES;
				GCC_WARN_ABOUT_RETURN_TYPE = YES_ERROR;
				GCC_WARN_UNDECLARED_SELECTOR = YES;
				GCC_WARN_UNINITIALIZED_AUTOS = YES_AGGRESSIVE;
				GCC_WARN_UNUSED_FUNCTION = YES;
				GCC_WARN_UNUSED_VARIABLE = YES;
				IPHONEOS_DEPLOYMENT_TARGET = 9.3;
				MTL_ENABLE_DEBUG_INFO = YES;
				ONLY_ACTIVE_ARCH = YES;
				SDKROOT = iphoneos;
				SWIFT_OPTIMIZATION_LEVEL = "-Onone";
			};
			name = Debug;
		};
		04B3BA551D5AD12D0086C290 /* Release */ = {
			isa = XCBuildConfiguration;
			buildSettings = {
				ALWAYS_SEARCH_USER_PATHS = NO;
				CLANG_ANALYZER_NONNULL = YES;
				CLANG_CXX_LANGUAGE_STANDARD = "gnu++0x";
				CLANG_CXX_LIBRARY = "libc++";
				CLANG_ENABLE_MODULES = YES;
				CLANG_ENABLE_OBJC_ARC = YES;
				CLANG_WARN_BOOL_CONVERSION = YES;
				CLANG_WARN_CONSTANT_CONVERSION = YES;
				CLANG_WARN_DIRECT_OBJC_ISA_USAGE = YES_ERROR;
				CLANG_WARN_EMPTY_BODY = YES;
				CLANG_WARN_ENUM_CONVERSION = YES;
				CLANG_WARN_INT_CONVERSION = YES;
				CLANG_WARN_OBJC_ROOT_CLASS = YES_ERROR;
				CLANG_WARN_UNREACHABLE_CODE = YES;
				CLANG_WARN__DUPLICATE_METHOD_MATCH = YES;
				"CODE_SIGN_IDENTITY[sdk=iphoneos*]" = "iPhone Developer";
				COPY_PHASE_STRIP = NO;
				DEBUG_INFORMATION_FORMAT = "dwarf-with-dsym";
				ENABLE_NS_ASSERTIONS = NO;
				ENABLE_STRICT_OBJC_MSGSEND = YES;
				GCC_C_LANGUAGE_STANDARD = gnu99;
				GCC_NO_COMMON_BLOCKS = YES;
				GCC_WARN_64_TO_32_BIT_CONVERSION = YES;
				GCC_WARN_ABOUT_RETURN_TYPE = YES_ERROR;
				GCC_WARN_UNDECLARED_SELECTOR = YES;
				GCC_WARN_UNINITIALIZED_AUTOS = YES_AGGRESSIVE;
				GCC_WARN_UNUSED_FUNCTION = YES;
				GCC_WARN_UNUSED_VARIABLE = YES;
				IPHONEOS_DEPLOYMENT_TARGET = 9.3;
				MTL_ENABLE_DEBUG_INFO = NO;
				SDKROOT = iphoneos;
				VALIDATE_PRODUCT = YES;
			};
			name = Release;
		};
		04B3BA571D5AD12D0086C290 /* Debug */ = {
			isa = XCBuildConfiguration;
			baseConfigurationReference = 11CD701C31B42FD71812FFC0 /* Pods-SCI_Aid.debug.xcconfig */;
			buildSettings = {
				ASSETCATALOG_COMPILER_APPICON_NAME = AppIcon;
				CLANG_ENABLE_MODULES = YES;
				CODE_SIGN_IDENTITY = "iPhone Developer";
				FRAMEWORK_SEARCH_PATHS = (
					"$(inherited)",
					"$(PROJECT_DIR)/build/Debug-iphoneos",
					"$(PROJECT_DIR)/Pods/FirebaseDatabase/Frameworks",
					"$(PROJECT_DIR)/Pods/FirebaseAnalytics/Frameworks/frameworks",
					"$(PROJECT_DIR)/Pods/FirebaseInstanceID/Frameworks/frameworks",
				);
				INFOPLIST_FILE = SCI_Aid/Info.plist;
				LD_RUNPATH_SEARCH_PATHS = "$(inherited) @executable_path/Frameworks";
				PRODUCT_BUNDLE_IDENTIFIER = com.diliu.SCIAid;
				PRODUCT_NAME = "SCI Aid";
				PROVISIONING_PROFILE = "";
				SWIFT_OBJC_BRIDGING_HEADER = "SCI_Aid/SCI_Aid-Bridging-Header.h";
				SWIFT_OPTIMIZATION_LEVEL = "-Onone";
				TARGETED_DEVICE_FAMILY = 1;
			};
			name = Debug;
		};
		04B3BA581D5AD12D0086C290 /* Release */ = {
			isa = XCBuildConfiguration;
			baseConfigurationReference = 37FD2257142DD36B10D257E3 /* Pods-SCI_Aid.release.xcconfig */;
			buildSettings = {
				ASSETCATALOG_COMPILER_APPICON_NAME = AppIcon;
				CLANG_ENABLE_MODULES = YES;
				CODE_SIGN_IDENTITY = "iPhone Developer";
				FRAMEWORK_SEARCH_PATHS = (
					"$(inherited)",
					"$(PROJECT_DIR)/build/Debug-iphoneos",
					"$(PROJECT_DIR)/Pods/FirebaseDatabase/Frameworks",
					"$(PROJECT_DIR)/Pods/FirebaseAnalytics/Frameworks/frameworks",
					"$(PROJECT_DIR)/Pods/FirebaseInstanceID/Frameworks/frameworks",
				);
				INFOPLIST_FILE = SCI_Aid/Info.plist;
				LD_RUNPATH_SEARCH_PATHS = "$(inherited) @executable_path/Frameworks";
				PRODUCT_BUNDLE_IDENTIFIER = com.diliu.SCIAid;
				PRODUCT_NAME = "SCI Aid";
				PROVISIONING_PROFILE = "";
				SWIFT_OBJC_BRIDGING_HEADER = "SCI_Aid/SCI_Aid-Bridging-Header.h";
				TARGETED_DEVICE_FAMILY = 1;
			};
			name = Release;
		};
		04B3BA5A1D5AD12D0086C290 /* Debug */ = {
			isa = XCBuildConfiguration;
			baseConfigurationReference = 70B37AE5D77B39C1FFB1E9C5 /* Pods-SCI_AidTests.debug.xcconfig */;
			buildSettings = {
				BUNDLE_LOADER = "$(TEST_HOST)";
				INFOPLIST_FILE = SCI_AidTests/Info.plist;
				LD_RUNPATH_SEARCH_PATHS = "$(inherited) @executable_path/Frameworks @loader_path/Frameworks";
				PRODUCT_BUNDLE_IDENTIFIER = "com.diliu.SCI-AidTests";
				PRODUCT_NAME = "$(TARGET_NAME)";
				TEST_HOST = "$(BUILT_PRODUCTS_DIR)/SCI_Aid.app/SCI_Aid";
			};
			name = Debug;
		};
		04B3BA5B1D5AD12D0086C290 /* Release */ = {
			isa = XCBuildConfiguration;
			baseConfigurationReference = 4A1E9C98F1040700D30799DE /* Pods-SCI_AidTests.release.xcconfig */;
			buildSettings = {
				BUNDLE_LOADER = "$(TEST_HOST)";
				INFOPLIST_FILE = SCI_AidTests/Info.plist;
				LD_RUNPATH_SEARCH_PATHS = "$(inherited) @executable_path/Frameworks @loader_path/Frameworks";
				PRODUCT_BUNDLE_IDENTIFIER = "com.diliu.SCI-AidTests";
				PRODUCT_NAME = "$(TARGET_NAME)";
				TEST_HOST = "$(BUILT_PRODUCTS_DIR)/SCI_Aid.app/SCI_Aid";
			};
			name = Release;
		};
		04B3BA5D1D5AD12D0086C290 /* Debug */ = {
			isa = XCBuildConfiguration;
			baseConfigurationReference = 8830DAEFB17BD8B35797FD34 /* Pods-SCI_AidUITests.debug.xcconfig */;
			buildSettings = {
				INFOPLIST_FILE = SCI_AidUITests/Info.plist;
				LD_RUNPATH_SEARCH_PATHS = "$(inherited) @executable_path/Frameworks @loader_path/Frameworks";
				PRODUCT_BUNDLE_IDENTIFIER = "com.diliu.SCI-AidUITests";
				PRODUCT_NAME = "$(TARGET_NAME)";
				TEST_TARGET_NAME = SCI_Aid;
			};
			name = Debug;
		};
		04B3BA5E1D5AD12D0086C290 /* Release */ = {
			isa = XCBuildConfiguration;
			baseConfigurationReference = 7E017AFA79E27EDBBC0AB25B /* Pods-SCI_AidUITests.release.xcconfig */;
			buildSettings = {
				INFOPLIST_FILE = SCI_AidUITests/Info.plist;
				LD_RUNPATH_SEARCH_PATHS = "$(inherited) @executable_path/Frameworks @loader_path/Frameworks";
				PRODUCT_BUNDLE_IDENTIFIER = "com.diliu.SCI-AidUITests";
				PRODUCT_NAME = "$(TARGET_NAME)";
				TEST_TARGET_NAME = SCI_Aid;
			};
			name = Release;
		};
/* End XCBuildConfiguration section */

/* Begin XCConfigurationList section */
		04B3BA261D5AD12D0086C290 /* Build configuration list for PBXProject "SCI_Aid" */ = {
			isa = XCConfigurationList;
			buildConfigurations = (
				04B3BA541D5AD12D0086C290 /* Debug */,
				04B3BA551D5AD12D0086C290 /* Release */,
			);
			defaultConfigurationIsVisible = 0;
			defaultConfigurationName = Release;
		};
		04B3BA561D5AD12D0086C290 /* Build configuration list for PBXNativeTarget "SCI_Aid" */ = {
			isa = XCConfigurationList;
			buildConfigurations = (
				04B3BA571D5AD12D0086C290 /* Debug */,
				04B3BA581D5AD12D0086C290 /* Release */,
			);
			defaultConfigurationIsVisible = 0;
			defaultConfigurationName = Release;
		};
		04B3BA591D5AD12D0086C290 /* Build configuration list for PBXNativeTarget "SCI_AidTests" */ = {
			isa = XCConfigurationList;
			buildConfigurations = (
				04B3BA5A1D5AD12D0086C290 /* Debug */,
				04B3BA5B1D5AD12D0086C290 /* Release */,
			);
			defaultConfigurationIsVisible = 0;
			defaultConfigurationName = Release;
		};
		04B3BA5C1D5AD12D0086C290 /* Build configuration list for PBXNativeTarget "SCI_AidUITests" */ = {
			isa = XCConfigurationList;
			buildConfigurations = (
				04B3BA5D1D5AD12D0086C290 /* Debug */,
				04B3BA5E1D5AD12D0086C290 /* Release */,
			);
			defaultConfigurationIsVisible = 0;
			defaultConfigurationName = Release;
		};
/* End XCConfigurationList section */

/* Begin XCVersionGroup section */
		04B3BA351D5AD12D0086C290 /* SCI_Aid.xcdatamodeld */ = {
			isa = XCVersionGroup;
			children = (
				04B3BA361D5AD12D0086C290 /* SCI_Aid.xcdatamodel */,
			);
			currentVersion = 04B3BA361D5AD12D0086C290 /* SCI_Aid.xcdatamodel */;
			path = SCI_Aid.xcdatamodeld;
			sourceTree = "<group>";
			versionGroupType = wrapper.xcdatamodel;
		};
/* End XCVersionGroup section */
	};
	rootObject = 04B3BA231D5AD12D0086C290 /* Project object */;
}
